{
  "name": "ecommerce-multivendor",
  "lockfileVersion": 2,
  "requires": true,
  "packages": {
    "": {
      "dependencies": {
        "timeagojs": "^1.0.0"
      }
    },
    "node_modules/timeagojs": {
      "version": "1.0.0",
      "resolved": "https://registry.npmjs.org/timeagojs/-/timeagojs-1.0.0.tgz",
      "integrity": "sha512-4xMugz/D5nW979wSMHXwQhI+/sUel2NnCWupguzcFyynP9rL9Bt29vNMCThx+6/LDXbL7LC2xnJUflQhNhLagg=="
    }
  },
  "dependencies": {
    "timeagojs": {
      "version": "1.0.0",
      "resolved": "https://registry.npmjs.org/timeagojs/-/timeagojs-1.0.0.tgz",
      "integrity": "sha512-4xMugz/D5nW979wSMHXwQhI+/sUel2NnCWupguzcFyynP9rL9Bt29vNMCThx+6/LDXbL7LC2xnJUflQhNhLagg=="
    }
  }
}
